// !$*UTF8*$!
{
	archiveVersion = 1;
	classes = {
	};
	objectVersion = 77;
	objects = {

/* Begin PBXBuildFile section */
		065BE1C5F15489DCA91E0524 /* ServerConfig.swift in Sources */ = {isa = PBXBuildFile; fileRef = F1D9AB1335B9F746C18A050A /* ServerConfig.swift */; };
		0FF0C60EC0A0232410F33C1C /* ToolActivity.swift in Sources */ = {isa = PBXBuildFile; fileRef = 9BB0C524FFE5944C329D1E7F /* ToolActivity.swift */; };
		14079BF4A3518D692C979B8F /* PocketEngineerApp.swift in Sources */ = {isa = PBXBuildFile; fileRef = AEE1B602288AD0A7F0FD2EC3 /* PocketEngineerApp.swift */; };
		17CE08868ED145FEF18EDF23 /* ANSIStripper.swift in Sources */ = {isa = PBXBuildFile; fileRef = 6052B1FC76EFF5EEEC3504FC /* ANSIStripper.swift */; };
		193C487A5281C90BFF130464 /* ProjectContextSheet.swift in Sources */ = {isa = PBXBuildFile; fileRef = 0AF90017ABD93AD467E4A4BE /* ProjectContextSheet.swift */; };
		1C1AEA2CE2C2822C33BD6B7B /* InputBarView.swift in Sources */ = {isa = PBXBuildFile; fileRef = E93C79F5E044BED455C8D66C /* InputBarView.swift */; };
		1D655FCCE4E575752B76699C /* NotificationService.swift in Sources */ = {isa = PBXBuildFile; fileRef = 433E6C5AB34A60299F9B5A7A /* NotificationService.swift */; };
		20E9B1A4445D862E4CAA500C /* Session.swift in Sources */ = {isa = PBXBuildFile; fileRef = 9A6765DEEBF9EDEB94CED88A /* Session.swift */; };
		22E10EC31700F92A0781F36E /* ConnectionStatusView.swift in Sources */ = {isa = PBXBuildFile; fileRef = 67CDA93D985778304CE7BC8D /* ConnectionStatusView.swift */; };
		28415CC0AA671D93EDB90A4E /* ConnectionSetupView.swift in Sources */ = {isa = PBXBuildFile; fileRef = FDAF215976D65892D80512AE /* ConnectionSetupView.swift */; };
		297A143E2F5E8BAB54DE3D9B /* ClaudeSessionManager.swift in Sources */ = {isa = PBXBuildFile; fileRef = 4DD2B5FC51C3FEBDBE068B5D /* ClaudeSessionManager.swift */; };
		2C7AA7A5CD4DE7C6A81422F3 /* ClaudeOutputParserTests.swift in Sources */ = {isa = PBXBuildFile; fileRef = 30AD179F9017A56731217D4F /* ClaudeOutputParserTests.swift */; };
		2D597C19973128D8E90B9289 /* SSHKeyParser.swift in Sources */ = {isa = PBXBuildFile; fileRef = 1C2BD3123B01F7D1513767EA /* SSHKeyParser.swift */; };
		41231945D9C73DB7C2FDE375 /* SessionStatusBanner.swift in Sources */ = {isa = PBXBuildFile; fileRef = 06C0B48C68DE04C8ECEB6EC7 /* SessionStatusBanner.swift */; };
		42085D63B18B1E5A9F89A4F2 /* PickUpSessionView.swift in Sources */ = {isa = PBXBuildFile; fileRef = F5C1675768BC24850BA40993 /* PickUpSessionView.swift */; };
		421DA9D7750996B50EF86161 /* ToolActivityView.swift in Sources */ = {isa = PBXBuildFile; fileRef = 899A177C34F184C34368F448 /* ToolActivityView.swift */; };
		49AAF93A0359122ABCB069C8 /* Assets.xcassets in Resources */ = {isa = PBXBuildFile; fileRef = 908359C2C31F82C243E056C8 /* Assets.xcassets */; };
		4F38A14DF61FBD0401E3060A /* SSHCommandExecutor.swift in Sources */ = {isa = PBXBuildFile; fileRef = AFA1B6661F7C379CC03AB2CD /* SSHCommandExecutor.swift */; };
		512AA0CCE8970ECBCB0DD8A6 /* RemoteSession.swift in Sources */ = {isa = PBXBuildFile; fileRef = 3942CC8AF652D4696C9BF58D /* RemoteSession.swift */; };
		51997F0AB2AD32CCA02695B0 /* OnboardingView.swift in Sources */ = {isa = PBXBuildFile; fileRef = 841855CCAEEBC28C8C356368 /* OnboardingView.swift */; };
		53696459D3166A13A8BBC11D /* AppPreviewView.swift in Sources */ = {isa = PBXBuildFile; fileRef = 65B8EBFFA7C9FB60400ECFBE /* AppPreviewView.swift */; };
		65E9D85320005DC3F5097673 /* AWSSigV4.swift in Sources */ = {isa = PBXBuildFile; fileRef = CEE3BD2A969DB506CF5F4852 /* AWSSigV4.swift */; };
		6DA02D34292E049179944DA9 /* MessageBubbleView.swift in Sources */ = {isa = PBXBuildFile; fileRef = 9EC788B1394544DC19B0F2F5 /* MessageBubbleView.swift */; };
		712E4485A61DF494937DE786 /* ContentView.swift in Sources */ = {isa = PBXBuildFile; fileRef = 12645E83A469062FADE7086B /* ContentView.swift */; };
		7259054CCFDF007AA640439B /* EC2ProvisioningService.swift in Sources */ = {isa = PBXBuildFile; fileRef = 91AFE456DB4170E46163C04F /* EC2ProvisioningService.swift */; };
		7D840E801D6A3B945AAE1F53 /* RootView.swift in Sources */ = {isa = PBXBuildFile; fileRef = 0E4B64E889BC2731B1C19FF2 /* RootView.swift */; };
		7F34BB0B954D7720C1DBB1B8 /* ConnectionViewModel.swift in Sources */ = {isa = PBXBuildFile; fileRef = BD9F48BD340DD723825A4A42 /* ConnectionViewModel.swift */; };
		80ADA0DF28D37FF3B75EEAEB /* StreamingTextView.swift in Sources */ = {isa = PBXBuildFile; fileRef = 65E3531FD0D18B0A38EDA3AB /* StreamingTextView.swift */; };
		84C16175D1B49CB11FBA98E1 /* DevToolConfig.swift in Sources */ = {isa = PBXBuildFile; fileRef = B13AC9CE19C9C7B63F819950 /* DevToolConfig.swift */; };
		8556D841EAFAE8C80B8B7197 /* PersistenceService.swift in Sources */ = {isa = PBXBuildFile; fileRef = A0FAD1FBD5A5FAACF94CD9C4 /* PersistenceService.swift */; };
		910379CAEC4F0DAC5D70BFFD /* SessionListViewModel.swift in Sources */ = {isa = PBXBuildFile; fileRef = DD10E9EC17B9E91F2D37C5CC /* SessionListViewModel.swift */; };
		995C0656DE23EC298AC0C8E4 /* ChatMessage.swift in Sources */ = {isa = PBXBuildFile; fileRef = 56BBC0924F009B30C66F7930 /* ChatMessage.swift */; };
		9D9FE10DB96913E08F3E8BE3 /* SessionListView.swift in Sources */ = {isa = PBXBuildFile; fileRef = 4DC52EFC1EA232F2AAE9F12A /* SessionListView.swift */; };
		A9ED9DFB30F0D8B620943D94 /* MarkdownContentView.swift in Sources */ = {isa = PBXBuildFile; fileRef = 5152007813D953687A1A079E /* MarkdownContentView.swift */; };
		AC47F27CBCE0EBF9074683C3 /* ChatViewModel.swift in Sources */ = {isa = PBXBuildFile; fileRef = F0657AC42A03A7AE3D0DBF0C /* ChatViewModel.swift */; };
		AC49E3977EEEE05459770437 /* Errors.swift in Sources */ = {isa = PBXBuildFile; fileRef = 6CC71E90C3F320E63D83777F /* Errors.swift */; };
		BC617E87A317DFC56306E255 /* CrossPlatform.swift in Sources */ = {isa = PBXBuildFile; fileRef = 17D973D3F1692B4088399E7B /* CrossPlatform.swift */; };
		C91CCEF7F6AE13C7606CE575 /* ChatView.swift in Sources */ = {isa = PBXBuildFile; fileRef = EEA1CAB19CECF0D54C6B2580 /* ChatView.swift */; };
		D374135E323590ABCE514E85 /* ProjectTemplate.swift in Sources */ = {isa = PBXBuildFile; fileRef = 854898DD9782B1DC5F15C7FF /* ProjectTemplate.swift */; };
		D55E9A2EBDAA8B8D09091AED /* ClaudeOutputParser.swift in Sources */ = {isa = PBXBuildFile; fileRef = EC46212FFE21B8DD78193F5E /* ClaudeOutputParser.swift */; };
		D91840C9D6677EAE7F89FEC0 /* SessionRowView.swift in Sources */ = {isa = PBXBuildFile; fileRef = 611B408E3F7FD25437D3EA1D /* SessionRowView.swift */; };
		DC4CD1787CB64A36FBAD41BC /* QRCodeView.swift in Sources */ = {isa = PBXBuildFile; fileRef = CA494C2162D85A8B637EA138 /* QRCodeView.swift */; };
		DE81198BD7C6F207E5EA19CF /* AppState.swift in Sources */ = {isa = PBXBuildFile; fileRef = A0E0936F5B5B14BF55D499CB /* AppState.swift */; };
		E2994EC8F23A6E9A71796273 /* SSHKeyImportView.swift in Sources */ = {isa = PBXBuildFile; fileRef = DD01C76E6520F79F7C39A9AB /* SSHKeyImportView.swift */; };
		E9EFF562E97C9AD4C49BF40C /* DefaultEC2Config.swift in Sources */ = {isa = PBXBuildFile; fileRef = EFA8B43A38EFDD9260B03F36 /* DefaultEC2Config.swift */; };
		EAAF966079FD0747627AC4B3 /* NewSessionView.swift in Sources */ = {isa = PBXBuildFile; fileRef = 2A8B32A63E63D2A4D52C39AC /* NewSessionView.swift */; };
		EDE6A63DB23E9B09959AC796 /* SSHKeyManager.swift in Sources */ = {isa = PBXBuildFile; fileRef = 8BBF8FA8B34D7F2F534EA8C7 /* SSHKeyManager.swift */; };
		F0C005A5106E5D1C94C9E257 /* SSHService.swift in Sources */ = {isa = PBXBuildFile; fileRef = 4A0056D88B17B02006FD1C95 /* SSHService.swift */; };
		F513F2EFB60B385BEAE82D23 /* Citadel in Frameworks */ = {isa = PBXBuildFile; productRef = B84B488D23670F26B1939A63 /* Citadel */; };
		F71A7BCECC63A5AD53AA8DC4 /* ClaudeService.swift in Sources */ = {isa = PBXBuildFile; fileRef = 55AF800C0400D694D6470E60 /* ClaudeService.swift */; };
		AA1111111111111111111111 /* SpeechService.swift in Sources */ = {isa = PBXBuildFile; fileRef = BB2222222222222222222222 /* SpeechService.swift */; };
		CC3333333333333333333333 /* MiniPreviewBar.swift in Sources */ = {isa = PBXBuildFile; fileRef = DD4444444444444444444444 /* MiniPreviewBar.swift */; };
		FF6666666666666666666666 /* UtilityTests.swift in Sources */ = {isa = PBXBuildFile; fileRef = FF7777777777777777777777 /* UtilityTests.swift */; };
		FF8888888888888888888888 /* ModelTests.swift in Sources */ = {isa = PBXBuildFile; fileRef = FF9999999999999999999999 /* ModelTests.swift */; };
		FFAAAAAAAAAAAAAAAAAAAAAA /* MarkdownParserTests.swift in Sources */ = {isa = PBXBuildFile; fileRef = FFBBBBBBBBBBBBBBBBBBBBBB /* MarkdownParserTests.swift */; };
/* End PBXBuildFile section */

/* Begin PBXContainerItemProxy section */
		3E04C6E026357F8098CDB935 /* PBXContainerItemProxy */ = {
			isa = PBXContainerItemProxy;
			containerPortal = FEBFBEB900C1585B6A8FF349 /* Project object */;
			proxyType = 1;
			remoteGlobalIDString = 28FF2CC721E16FC97C2985F2;
			remoteInfo = PocketEngineer;
		};
/* End PBXContainerItemProxy section */

/* Begin PBXFileReference section */
		06C0B48C68DE04C8ECEB6EC7 /* SessionStatusBanner.swift */ = {isa = PBXFileReference; lastKnownFileType = sourcecode.swift; path = SessionStatusBanner.swift; sourceTree = "<group>"; };
		0AF90017ABD93AD467E4A4BE /* ProjectContextSheet.swift */ = {isa = PBXFileReference; lastKnownFileType = sourcecode.swift; path = ProjectContextSheet.swift; sourceTree = "<group>"; };
		0E4B64E889BC2731B1C19FF2 /* RootView.swift */ = {isa = PBXFileReference; lastKnownFileType = sourcecode.swift; path = RootView.swift; sourceTree = "<group>"; };
		12645E83A469062FADE7086B /* ContentView.swift */ = {isa = PBXFileReference; lastKnownFileType = sourcecode.swift; path = ContentView.swift; sourceTree = "<group>"; };
		17D973D3F1692B4088399E7B /* CrossPlatform.swift */ = {isa = PBXFileReference; lastKnownFileType = sourcecode.swift; path = CrossPlatform.swift; sourceTree = "<group>"; };
		1C2BD3123B01F7D1513767EA /* SSHKeyParser.swift */ = {isa = PBXFileReference; lastKnownFileType = sourcecode.swift; path = SSHKeyParser.swift; sourceTree = "<group>"; };
		2A8B32A63E63D2A4D52C39AC /* NewSessionView.swift */ = {isa = PBXFileReference; lastKnownFileType = sourcecode.swift; path = NewSessionView.swift; sourceTree = "<group>"; };
		30AD179F9017A56731217D4F /* ClaudeOutputParserTests.swift */ = {isa = PBXFileReference; lastKnownFileType = sourcecode.swift; path = ClaudeOutputParserTests.swift; sourceTree = "<group>"; };
		3942CC8AF652D4696C9BF58D /* RemoteSession.swift */ = {isa = PBXFileReference; lastKnownFileType = sourcecode.swift; path = RemoteSession.swift; sourceTree = "<group>"; };
		433E6C5AB34A60299F9B5A7A /* NotificationService.swift */ = {isa = PBXFileReference; lastKnownFileType = sourcecode.swift; path = NotificationService.swift; sourceTree = "<group>"; };
		4A0056D88B17B02006FD1C95 /* SSHService.swift */ = {isa = PBXFileReference; lastKnownFileType = sourcecode.swift; path = SSHService.swift; sourceTree = "<group>"; };
		4DC52EFC1EA232F2AAE9F12A /* SessionListView.swift */ = {isa = PBXFileReference; lastKnownFileType = sourcecode.swift; path = SessionListView.swift; sourceTree = "<group>"; };
		4DD2B5FC51C3FEBDBE068B5D /* ClaudeSessionManager.swift */ = {isa = PBXFileReference; lastKnownFileType = sourcecode.swift; path = ClaudeSessionManager.swift; sourceTree = "<group>"; };
		5152007813D953687A1A079E /* MarkdownContentView.swift */ = {isa = PBXFileReference; lastKnownFileType = sourcecode.swift; path = MarkdownContentView.swift; sourceTree = "<group>"; };
		55AF800C0400D694D6470E60 /* ClaudeService.swift */ = {isa = PBXFileReference; lastKnownFileType = sourcecode.swift; path = ClaudeService.swift; sourceTree = "<group>"; };
		56BBC0924F009B30C66F7930 /* ChatMessage.swift */ = {isa = PBXFileReference; lastKnownFileType = sourcecode.swift; path = ChatMessage.swift; sourceTree = "<group>"; };
		6052B1FC76EFF5EEEC3504FC /* ANSIStripper.swift */ = {isa = PBXFileReference; lastKnownFileType = sourcecode.swift; path = ANSIStripper.swift; sourceTree = "<group>"; };
		611B408E3F7FD25437D3EA1D /* SessionRowView.swift */ = {isa = PBXFileReference; lastKnownFileType = sourcecode.swift; path = SessionRowView.swift; sourceTree = "<group>"; };
		65B8EBFFA7C9FB60400ECFBE /* AppPreviewView.swift */ = {isa = PBXFileReference; lastKnownFileType = sourcecode.swift; path = AppPreviewView.swift; sourceTree = "<group>"; };
		65E3531FD0D18B0A38EDA3AB /* StreamingTextView.swift */ = {isa = PBXFileReference; lastKnownFileType = sourcecode.swift; path = StreamingTextView.swift; sourceTree = "<group>"; };
		67CDA93D985778304CE7BC8D /* ConnectionStatusView.swift */ = {isa = PBXFileReference; lastKnownFileType = sourcecode.swift; path = ConnectionStatusView.swift; sourceTree = "<group>"; };
		6CC71E90C3F320E63D83777F /* Errors.swift */ = {isa = PBXFileReference; lastKnownFileType = sourcecode.swift; path = Errors.swift; sourceTree = "<group>"; };
		841855CCAEEBC28C8C356368 /* OnboardingView.swift */ = {isa = PBXFileReference; lastKnownFileType = sourcecode.swift; path = OnboardingView.swift; sourceTree = "<group>"; };
		854898DD9782B1DC5F15C7FF /* ProjectTemplate.swift */ = {isa = PBXFileReference; lastKnownFileType = sourcecode.swift; path = ProjectTemplate.swift; sourceTree = "<group>"; };
		899A177C34F184C34368F448 /* ToolActivityView.swift */ = {isa = PBXFileReference; lastKnownFileType = sourcecode.swift; path = ToolActivityView.swift; sourceTree = "<group>"; };
		8BBF8FA8B34D7F2F534EA8C7 /* SSHKeyManager.swift */ = {isa = PBXFileReference; lastKnownFileType = sourcecode.swift; path = SSHKeyManager.swift; sourceTree = "<group>"; };
		908359C2C31F82C243E056C8 /* Assets.xcassets */ = {isa = PBXFileReference; lastKnownFileType = folder.assetcatalog; path = Assets.xcassets; sourceTree = "<group>"; };
		91AFE456DB4170E46163C04F /* EC2ProvisioningService.swift */ = {isa = PBXFileReference; lastKnownFileType = sourcecode.swift; path = EC2ProvisioningService.swift; sourceTree = "<group>"; };
		9A6765DEEBF9EDEB94CED88A /* Session.swift */ = {isa = PBXFileReference; lastKnownFileType = sourcecode.swift; path = Session.swift; sourceTree = "<group>"; };
		9BB0C524FFE5944C329D1E7F /* ToolActivity.swift */ = {isa = PBXFileReference; lastKnownFileType = sourcecode.swift; path = ToolActivity.swift; sourceTree = "<group>"; };
		9EC788B1394544DC19B0F2F5 /* MessageBubbleView.swift */ = {isa = PBXFileReference; lastKnownFileType = sourcecode.swift; path = MessageBubbleView.swift; sourceTree = "<group>"; };
		A05ABDB05E3425D95C7171E9 /* PocketEngineerTests.xctest */ = {isa = PBXFileReference; includeInIndex = 0; lastKnownFileType = wrapper.cfbundle; path = PocketEngineerTests.xctest; sourceTree = BUILT_PRODUCTS_DIR; };
		A091755C6A2ADCDC0EBAA588 /* PocketEngineer.app */ = {isa = PBXFileReference; includeInIndex = 0; lastKnownFileType = wrapper.application; path = PocketEngineer.app; sourceTree = BUILT_PRODUCTS_DIR; };
		A0E0936F5B5B14BF55D499CB /* AppState.swift */ = {isa = PBXFileReference; lastKnownFileType = sourcecode.swift; path = AppState.swift; sourceTree = "<group>"; };
		A0FAD1FBD5A5FAACF94CD9C4 /* PersistenceService.swift */ = {isa = PBXFileReference; lastKnownFileType = sourcecode.swift; path = PersistenceService.swift; sourceTree = "<group>"; };
		AEE1B602288AD0A7F0FD2EC3 /* PocketEngineerApp.swift */ = {isa = PBXFileReference; lastKnownFileType = sourcecode.swift; path = PocketEngineerApp.swift; sourceTree = "<group>"; };
		AFA1B6661F7C379CC03AB2CD /* SSHCommandExecutor.swift */ = {isa = PBXFileReference; lastKnownFileType = sourcecode.swift; path = SSHCommandExecutor.swift; sourceTree = "<group>"; };
		B13AC9CE19C9C7B63F819950 /* DevToolConfig.swift */ = {isa = PBXFileReference; lastKnownFileType = sourcecode.swift; path = DevToolConfig.swift; sourceTree = "<group>"; };
		BD9F48BD340DD723825A4A42 /* ConnectionViewModel.swift */ = {isa = PBXFileReference; lastKnownFileType = sourcecode.swift; path = ConnectionViewModel.swift; sourceTree = "<group>"; };
		CA494C2162D85A8B637EA138 /* QRCodeView.swift */ = {isa = PBXFileReference; lastKnownFileType = sourcecode.swift; path = QRCodeView.swift; sourceTree = "<group>"; };
		CEE3BD2A969DB506CF5F4852 /* AWSSigV4.swift */ = {isa = PBXFileReference; lastKnownFileType = sourcecode.swift; path = AWSSigV4.swift; sourceTree = "<group>"; };
		DD01C76E6520F79F7C39A9AB /* SSHKeyImportView.swift */ = {isa = PBXFileReference; lastKnownFileType = sourcecode.swift; path = SSHKeyImportView.swift; sourceTree = "<group>"; };
		DD10E9EC17B9E91F2D37C5CC /* SessionListViewModel.swift */ = {isa = PBXFileReference; lastKnownFileType = sourcecode.swift; path = SessionListViewModel.swift; sourceTree = "<group>"; };
		E93C79F5E044BED455C8D66C /* InputBarView.swift */ = {isa = PBXFileReference; lastKnownFileType = sourcecode.swift; path = InputBarView.swift; sourceTree = "<group>"; };
		EC46212FFE21B8DD78193F5E /* ClaudeOutputParser.swift */ = {isa = PBXFileReference; lastKnownFileType = sourcecode.swift; path = ClaudeOutputParser.swift; sourceTree = "<group>"; };
		EEA1CAB19CECF0D54C6B2580 /* ChatView.swift */ = {isa = PBXFileReference; lastKnownFileType = sourcecode.swift; path = ChatView.swift; sourceTree = "<group>"; };
		EFA8B43A38EFDD9260B03F36 /* DefaultEC2Config.swift */ = {isa = PBXFileReference; lastKnownFileType = sourcecode.swift; path = DefaultEC2Config.swift; sourceTree = "<group>"; };
		F0657AC42A03A7AE3D0DBF0C /* ChatViewModel.swift */ = {isa = PBXFileReference; lastKnownFileType = sourcecode.swift; path = ChatViewModel.swift; sourceTree = "<group>"; };
		F1D9AB1335B9F746C18A050A /* ServerConfig.swift */ = {isa = PBXFileReference; lastKnownFileType = sourcecode.swift; path = ServerConfig.swift; sourceTree = "<group>"; };
		F5C1675768BC24850BA40993 /* PickUpSessionView.swift */ = {isa = PBXFileReference; lastKnownFileType = sourcecode.swift; path = PickUpSessionView.swift; sourceTree = "<group>"; };
		FDAF215976D65892D80512AE /* ConnectionSetupView.swift */ = {isa = PBXFileReference; lastKnownFileType = sourcecode.swift; path = ConnectionSetupView.swift; sourceTree = "<group>"; };
		BB2222222222222222222222 /* SpeechService.swift */ = {isa = PBXFileReference; lastKnownFileType = sourcecode.swift; path = SpeechService.swift; sourceTree = "<group>"; };
		DD4444444444444444444444 /* MiniPreviewBar.swift */ = {isa = PBXFileReference; lastKnownFileType = sourcecode.swift; path = MiniPreviewBar.swift; sourceTree = "<group>"; };
		FF7777777777777777777777 /* UtilityTests.swift */ = {isa = PBXFileReference; lastKnownFileType = sourcecode.swift; path = UtilityTests.swift; sourceTree = "<group>"; };
		FF9999999999999999999999 /* ModelTests.swift */ = {isa = PBXFileReference; lastKnownFileType = sourcecode.swift; path = ModelTests.swift; sourceTree = "<group>"; };
		FFBBBBBBBBBBBBBBBBBBBBBB /* MarkdownParserTests.swift */ = {isa = PBXFileReference; lastKnownFileType = sourcecode.swift; path = MarkdownParserTests.swift; sourceTree = "<group>"; };
/* End PBXFileReference section */

/* Begin PBXFrameworksBuildPhase section */
		F628BD89245069246BE12123 /* Frameworks */ = {
			isa = PBXFrameworksBuildPhase;
			buildActionMask = 2147483647;
			files = (
				F513F2EFB60B385BEAE82D23 /* Citadel in Frameworks */,
			);
			runOnlyForDeploymentPostprocessing = 0;
		};
/* End PBXFrameworksBuildPhase section */

/* Begin PBXGroup section */
		01410B8B14B8C4E5CA46D1C7 /* PocketEngineerTests */ = {
			isa = PBXGroup;
			children = (
				30AD179F9017A56731217D4F /* ClaudeOutputParserTests.swift */,
				FF7777777777777777777777 /* UtilityTests.swift */,
				FF9999999999999999999999 /* ModelTests.swift */,
				FFBBBBBBBBBBBBBBBBBBBBBB /* MarkdownParserTests.swift */,
			);
			path = PocketEngineerTests;
			sourceTree = "<group>";
		};
		0F770BA1E6EAAD0DD50F1C60 /* Onboarding */ = {
			isa = PBXGroup;
			children = (
				841855CCAEEBC28C8C356368 /* OnboardingView.swift */,
			);
			path = Onboarding;
			sourceTree = "<group>";
		};
		152952A569BE67D0C9D0622A /* SSH */ = {
			isa = PBXGroup;
			children = (
				AFA1B6661F7C379CC03AB2CD /* SSHCommandExecutor.swift */,
				8BBF8FA8B34D7F2F534EA8C7 /* SSHKeyManager.swift */,
				4A0056D88B17B02006FD1C95 /* SSHService.swift */,
			);
			path = SSH;
			sourceTree = "<group>";
		};
		1CF34144071A5869E9EC4702 /* AWS */ = {
			isa = PBXGroup;
			children = (
				CEE3BD2A969DB506CF5F4852 /* AWSSigV4.swift */,
				91AFE456DB4170E46163C04F /* EC2ProvisioningService.swift */,
			);
			path = AWS;
			sourceTree = "<group>";
		};
		20EC0AE4578F283EDC12B6A1 /* Services */ = {
			isa = PBXGroup;
			children = (
				1CF34144071A5869E9EC4702 /* AWS */,
				9F81A9ADE72227474B0A9F1A /* Claude */,
				FA983386E9AD0B52EDD30E57 /* Notifications */,
				B475FF3DDF9CB30446874788 /* Persistence */,
				152952A569BE67D0C9D0622A /* SSH */,
				EE5555555555555555555555 /* Speech */,
			);
			path = Services;
			sourceTree = "<group>";
		};
		48B33F9A7C8653A811A3AC2C /* Connection */ = {
			isa = PBXGroup;
			children = (
				FDAF215976D65892D80512AE /* ConnectionSetupView.swift */,
				67CDA93D985778304CE7BC8D /* ConnectionStatusView.swift */,
				DD01C76E6520F79F7C39A9AB /* SSHKeyImportView.swift */,
			);
			path = Connection;
			sourceTree = "<group>";
		};
		537177663DEC1A1B4D9EC391 /* Views */ = {
			isa = PBXGroup;
			children = (
				12645E83A469062FADE7086B /* ContentView.swift */,
				0E4B64E889BC2731B1C19FF2 /* RootView.swift */,
				93DDA5651EFAA6D19EDE6463 /* Chat */,
				48B33F9A7C8653A811A3AC2C /* Connection */,
				0F770BA1E6EAAD0DD50F1C60 /* Onboarding */,
				E12F15911CE62C1D92D5E4DB /* Preview */,
				A600B8A2B668981156E31BF2 /* Sessions */,
				D62851979116FAA1B1B00F76 /* Share */,
			);
			path = Views;
			sourceTree = "<group>";
		};
		93DDA5651EFAA6D19EDE6463 /* Chat */ = {
			isa = PBXGroup;
			children = (
				EEA1CAB19CECF0D54C6B2580 /* ChatView.swift */,
				E93C79F5E044BED455C8D66C /* InputBarView.swift */,
				5152007813D953687A1A079E /* MarkdownContentView.swift */,
				9EC788B1394544DC19B0F2F5 /* MessageBubbleView.swift */,
				0AF90017ABD93AD467E4A4BE /* ProjectContextSheet.swift */,
				06C0B48C68DE04C8ECEB6EC7 /* SessionStatusBanner.swift */,
				65E3531FD0D18B0A38EDA3AB /* StreamingTextView.swift */,
				899A177C34F184C34368F448 /* ToolActivityView.swift */,
			);
			path = Chat;
			sourceTree = "<group>";
		};
		9F30B9EDBC2390D629CE93D4 /* Products */ = {
			isa = PBXGroup;
			children = (
				A091755C6A2ADCDC0EBAA588 /* PocketEngineer.app */,
				A05ABDB05E3425D95C7171E9 /* PocketEngineerTests.xctest */,
			);
			name = Products;
			sourceTree = "<group>";
		};
		9F81A9ADE72227474B0A9F1A /* Claude */ = {
			isa = PBXGroup;
			children = (
				EC46212FFE21B8DD78193F5E /* ClaudeOutputParser.swift */,
				55AF800C0400D694D6470E60 /* ClaudeService.swift */,
				4DD2B5FC51C3FEBDBE068B5D /* ClaudeSessionManager.swift */,
			);
			path = Claude;
			sourceTree = "<group>";
		};
		A4058CEBBEDEBE9F5D58F6AE /* Models */ = {
			isa = PBXGroup;
			children = (
				56BBC0924F009B30C66F7930 /* ChatMessage.swift */,
				B13AC9CE19C9C7B63F819950 /* DevToolConfig.swift */,
				854898DD9782B1DC5F15C7FF /* ProjectTemplate.swift */,
				3942CC8AF652D4696C9BF58D /* RemoteSession.swift */,
				F1D9AB1335B9F746C18A050A /* ServerConfig.swift */,
				9A6765DEEBF9EDEB94CED88A /* Session.swift */,
				9BB0C524FFE5944C329D1E7F /* ToolActivity.swift */,
			);
			path = Models;
			sourceTree = "<group>";
		};
		A600B8A2B668981156E31BF2 /* Sessions */ = {
			isa = PBXGroup;
			children = (
				2A8B32A63E63D2A4D52C39AC /* NewSessionView.swift */,
				F5C1675768BC24850BA40993 /* PickUpSessionView.swift */,
				4DC52EFC1EA232F2AAE9F12A /* SessionListView.swift */,
				611B408E3F7FD25437D3EA1D /* SessionRowView.swift */,
			);
			path = Sessions;
			sourceTree = "<group>";
		};
		B296551EF44D302DA84BDB1C /* App */ = {
			isa = PBXGroup;
			children = (
				A0E0936F5B5B14BF55D499CB /* AppState.swift */,
				EFA8B43A38EFDD9260B03F36 /* DefaultEC2Config.swift */,
				AEE1B602288AD0A7F0FD2EC3 /* PocketEngineerApp.swift */,
			);
			path = App;
			sourceTree = "<group>";
		};
		B475FF3DDF9CB30446874788 /* Persistence */ = {
			isa = PBXGroup;
			children = (
				A0FAD1FBD5A5FAACF94CD9C4 /* PersistenceService.swift */,
			);
			path = Persistence;
			sourceTree = "<group>";
		};
		C06879990D3E0C0B9CBC140F /* PocketEngineer */ = {
			isa = PBXGroup;
			children = (
				908359C2C31F82C243E056C8 /* Assets.xcassets */,
				B296551EF44D302DA84BDB1C /* App */,
				A4058CEBBEDEBE9F5D58F6AE /* Models */,
				20EC0AE4578F283EDC12B6A1 /* Services */,
				CD64FE7FE6C962299693E55F /* Utilities */,
				CE121296DACECC555E9C1C01 /* ViewModels */,
				537177663DEC1A1B4D9EC391 /* Views */,
			);
			path = PocketEngineer;
			sourceTree = "<group>";
		};
		CD64FE7FE6C962299693E55F /* Utilities */ = {
			isa = PBXGroup;
			children = (
				6052B1FC76EFF5EEEC3504FC /* ANSIStripper.swift */,
				17D973D3F1692B4088399E7B /* CrossPlatform.swift */,
				6CC71E90C3F320E63D83777F /* Errors.swift */,
				1C2BD3123B01F7D1513767EA /* SSHKeyParser.swift */,
			);
			path = Utilities;
			sourceTree = "<group>";
		};
		CE121296DACECC555E9C1C01 /* ViewModels */ = {
			isa = PBXGroup;
			children = (
				F0657AC42A03A7AE3D0DBF0C /* ChatViewModel.swift */,
				BD9F48BD340DD723825A4A42 /* ConnectionViewModel.swift */,
				DD10E9EC17B9E91F2D37C5CC /* SessionListViewModel.swift */,
			);
			path = ViewModels;
			sourceTree = "<group>";
		};
		D62851979116FAA1B1B00F76 /* Share */ = {
			isa = PBXGroup;
			children = (
				CA494C2162D85A8B637EA138 /* QRCodeView.swift */,
			);
			path = Share;
			sourceTree = "<group>";
		};
		DBCB39E79A1DBA37FC6D2E6B = {
			isa = PBXGroup;
			children = (
				C06879990D3E0C0B9CBC140F /* PocketEngineer */,
				01410B8B14B8C4E5CA46D1C7 /* PocketEngineerTests */,
				9F30B9EDBC2390D629CE93D4 /* Products */,
			);
			sourceTree = "<group>";
		};
		E12F15911CE62C1D92D5E4DB /* Preview */ = {
			isa = PBXGroup;
			children = (
				65B8EBFFA7C9FB60400ECFBE /* AppPreviewView.swift */,
				DD4444444444444444444444 /* MiniPreviewBar.swift */,
			);
			path = Preview;
			sourceTree = "<group>";
		};
		FA983386E9AD0B52EDD30E57 /* Notifications */ = {
			isa = PBXGroup;
			children = (
				433E6C5AB34A60299F9B5A7A /* NotificationService.swift */,
			);
			path = Notifications;
			sourceTree = "<group>";
		};
		EE5555555555555555555555 /* Speech */ = {
			isa = PBXGroup;
			children = (
				BB2222222222222222222222 /* SpeechService.swift */,
			);
			path = Speech;
			sourceTree = "<group>";
		};
/* End PBXGroup section */

/* Begin PBXNativeTarget section */
		28FF2CC721E16FC97C2985F2 /* PocketEngineer */ = {
			isa = PBXNativeTarget;
			buildConfigurationList = 4A39BB0AE00D82414B675105 /* Build configuration list for PBXNativeTarget "PocketEngineer" */;
			buildPhases = (
				EB2E165F3F28FD466D7CAC7D /* Sources */,
				B549E7E79E7BC61EA0F55A65 /* Resources */,
				F628BD89245069246BE12123 /* Frameworks */,
			);
			buildRules = (
			);
			dependencies = (
			);
			name = PocketEngineer;
			packageProductDependencies = (
				B84B488D23670F26B1939A63 /* Citadel */,
			);
			productName = PocketEngineer;
			productReference = A091755C6A2ADCDC0EBAA588 /* PocketEngineer.app */;
			productType = "com.apple.product-type.application";
		};
		2AF5D9796C05882536870513 /* PocketEngineerTests */ = {
			isa = PBXNativeTarget;
			buildConfigurationList = 1F8336E405252FA41AC3799F /* Build configuration list for PBXNativeTarget "PocketEngineerTests" */;
			buildPhases = (
				3ABBE5B0BC2E45132718599A /* Sources */,
			);
			buildRules = (
			);
			dependencies = (
				8B297FA67E8E533A0F5E0707 /* PBXTargetDependency */,
			);
			name = PocketEngineerTests;
			packageProductDependencies = (
			);
			productName = PocketEngineerTests;
			productReference = A05ABDB05E3425D95C7171E9 /* PocketEngineerTests.xctest */;
			productType = "com.apple.product-type.bundle.unit-test";
		};
/* End PBXNativeTarget section */

/* Begin PBXProject section */
		FEBFBEB900C1585B6A8FF349 /* Project object */ = {
			isa = PBXProject;
			attributes = {
				BuildIndependentTargetsInParallel = YES;
				LastUpgradeCheck = 1600;
				TargetAttributes = {
					28FF2CC721E16FC97C2985F2 = {
						DevelopmentTeam = AMRM9564A6;
						ProvisioningStyle = Automatic;
					};
					2AF5D9796C05882536870513 = {
						DevelopmentTeam = AMRM9564A6;
					};
				};
			};
			buildConfigurationList = A31D82D655D9E43DE815E349 /* Build configuration list for PBXProject "PocketEngineer" */;
			compatibilityVersion = "Xcode 14.0";
			developmentRegion = en;
			hasScannedForEncodings = 0;
			knownRegions = (
				Base,
				en,
			);
			mainGroup = DBCB39E79A1DBA37FC6D2E6B;
			minimizedProjectReferenceProxies = 1;
			packageReferences = (
				5D46F37BD5B2DC8B8EBFBD6E /* XCRemoteSwiftPackageReference "Citadel" */,
			);
			preferredProjectObjectVersion = 77;
			projectDirPath = "";
			projectRoot = "";
			targets = (
				28FF2CC721E16FC97C2985F2 /* PocketEngineer */,
				2AF5D9796C05882536870513 /* PocketEngineerTests */,
			);
		};
/* End PBXProject section */

/* Begin PBXResourcesBuildPhase section */
		B549E7E79E7BC61EA0F55A65 /* Resources */ = {
			isa = PBXResourcesBuildPhase;
			buildActionMask = 2147483647;
			files = (
				49AAF93A0359122ABCB069C8 /* Assets.xcassets in Resources */,
			);
			runOnlyForDeploymentPostprocessing = 0;
		};
/* End PBXResourcesBuildPhase section */

/* Begin PBXSourcesBuildPhase section */
		3ABBE5B0BC2E45132718599A /* Sources */ = {
			isa = PBXSourcesBuildPhase;
			buildActionMask = 2147483647;
			files = (
				2C7AA7A5CD4DE7C6A81422F3 /* ClaudeOutputParserTests.swift in Sources */,
				FF6666666666666666666666 /* UtilityTests.swift in Sources */,
				FF8888888888888888888888 /* ModelTests.swift in Sources */,
				FFAAAAAAAAAAAAAAAAAAAAAA /* MarkdownParserTests.swift in Sources */,
			);
			runOnlyForDeploymentPostprocessing = 0;
		};
		EB2E165F3F28FD466D7CAC7D /* Sources */ = {
			isa = PBXSourcesBuildPhase;
			buildActionMask = 2147483647;
			files = (
				17CE08868ED145FEF18EDF23 /* ANSIStripper.swift in Sources */,
				65E9D85320005DC3F5097673 /* AWSSigV4.swift in Sources */,
				53696459D3166A13A8BBC11D /* AppPreviewView.swift in Sources */,
				DE81198BD7C6F207E5EA19CF /* AppState.swift in Sources */,
				995C0656DE23EC298AC0C8E4 /* ChatMessage.swift in Sources */,
				C91CCEF7F6AE13C7606CE575 /* ChatView.swift in Sources */,
				AC47F27CBCE0EBF9074683C3 /* ChatViewModel.swift in Sources */,
				D55E9A2EBDAA8B8D09091AED /* ClaudeOutputParser.swift in Sources */,
				F71A7BCECC63A5AD53AA8DC4 /* ClaudeService.swift in Sources */,
				297A143E2F5E8BAB54DE3D9B /* ClaudeSessionManager.swift in Sources */,
				28415CC0AA671D93EDB90A4E /* ConnectionSetupView.swift in Sources */,
				22E10EC31700F92A0781F36E /* ConnectionStatusView.swift in Sources */,
				7F34BB0B954D7720C1DBB1B8 /* ConnectionViewModel.swift in Sources */,
				712E4485A61DF494937DE786 /* ContentView.swift in Sources */,
				BC617E87A317DFC56306E255 /* CrossPlatform.swift in Sources */,
				E9EFF562E97C9AD4C49BF40C /* DefaultEC2Config.swift in Sources */,
				84C16175D1B49CB11FBA98E1 /* DevToolConfig.swift in Sources */,
				7259054CCFDF007AA640439B /* EC2ProvisioningService.swift in Sources */,
				AC49E3977EEEE05459770437 /* Errors.swift in Sources */,
				1C1AEA2CE2C2822C33BD6B7B /* InputBarView.swift in Sources */,
				A9ED9DFB30F0D8B620943D94 /* MarkdownContentView.swift in Sources */,
				6DA02D34292E049179944DA9 /* MessageBubbleView.swift in Sources */,
				EAAF966079FD0747627AC4B3 /* NewSessionView.swift in Sources */,
				1D655FCCE4E575752B76699C /* NotificationService.swift in Sources */,
				51997F0AB2AD32CCA02695B0 /* OnboardingView.swift in Sources */,
				8556D841EAFAE8C80B8B7197 /* PersistenceService.swift in Sources */,
				42085D63B18B1E5A9F89A4F2 /* PickUpSessionView.swift in Sources */,
				14079BF4A3518D692C979B8F /* PocketEngineerApp.swift in Sources */,
				193C487A5281C90BFF130464 /* ProjectContextSheet.swift in Sources */,
				D374135E323590ABCE514E85 /* ProjectTemplate.swift in Sources */,
				DC4CD1787CB64A36FBAD41BC /* QRCodeView.swift in Sources */,
				512AA0CCE8970ECBCB0DD8A6 /* RemoteSession.swift in Sources */,
				7D840E801D6A3B945AAE1F53 /* RootView.swift in Sources */,
				4F38A14DF61FBD0401E3060A /* SSHCommandExecutor.swift in Sources */,
				E2994EC8F23A6E9A71796273 /* SSHKeyImportView.swift in Sources */,
				EDE6A63DB23E9B09959AC796 /* SSHKeyManager.swift in Sources */,
				2D597C19973128D8E90B9289 /* SSHKeyParser.swift in Sources */,
				F0C005A5106E5D1C94C9E257 /* SSHService.swift in Sources */,
				065BE1C5F15489DCA91E0524 /* ServerConfig.swift in Sources */,
				20E9B1A4445D862E4CAA500C /* Session.swift in Sources */,
				9D9FE10DB96913E08F3E8BE3 /* SessionListView.swift in Sources */,
				910379CAEC4F0DAC5D70BFFD /* SessionListViewModel.swift in Sources */,
				D91840C9D6677EAE7F89FEC0 /* SessionRowView.swift in Sources */,
				41231945D9C73DB7C2FDE375 /* SessionStatusBanner.swift in Sources */,
				80ADA0DF28D37FF3B75EEAEB /* StreamingTextView.swift in Sources */,
				0FF0C60EC0A0232410F33C1C /* ToolActivity.swift in Sources */,
				421DA9D7750996B50EF86161 /* ToolActivityView.swift in Sources */,
				AA1111111111111111111111 /* SpeechService.swift in Sources */,
				CC3333333333333333333333 /* MiniPreviewBar.swift in Sources */,
			);
			runOnlyForDeploymentPostprocessing = 0;
		};
/* End PBXSourcesBuildPhase section */

/* Begin PBXTargetDependency section */
		8B297FA67E8E533A0F5E0707 /* PBXTargetDependency */ = {
			isa = PBXTargetDependency;
			target = 28FF2CC721E16FC97C2985F2 /* PocketEngineer */;
			targetProxy = 3E04C6E026357F8098CDB935 /* PBXContainerItemProxy */;
		};
/* End PBXTargetDependency section */

/* Begin XCBuildConfiguration section */
		0D2DF4644C30EFAB99136099 /* Release */ = {
			isa = XCBuildConfiguration;
			buildSettings = {
				BUNDLE_LOADER = "$(TEST_HOST)";
				DEVELOPMENT_TEAM = AMRM9564A6;
				GENERATE_INFOPLIST_FILE = YES;
				LD_RUNPATH_SEARCH_PATHS = (
					"$(inherited)",
					"@executable_path/Frameworks",
					"@loader_path/Frameworks",
				);
				PRODUCT_BUNDLE_IDENTIFIER = com.vaibhavdubey.pocketengineer.tests;
				SDKROOT = iphoneos;
				TARGETED_DEVICE_FAMILY = "1,2";
				TEST_HOST = "$(BUILT_PRODUCTS_DIR)/PocketEngineer.app/PocketEngineer";
			};
			name = Release;
		};
		40CD6B8EB20C8FBB9BA14D7E /* Release */ = {
			isa = XCBuildConfiguration;
			buildSettings = {
				ALWAYS_SEARCH_USER_PATHS = NO;
				CLANG_ANALYZER_NONNULL = YES;
				CLANG_ANALYZER_NUMBER_OBJECT_CONVERSION = YES_AGGRESSIVE;
				CLANG_CXX_LANGUAGE_STANDARD = "gnu++14";
				CLANG_CXX_LIBRARY = "libc++";
				CLANG_ENABLE_MODULES = YES;
				CLANG_ENABLE_OBJC_ARC = YES;
				CLANG_ENABLE_OBJC_WEAK = YES;
				CLANG_WARN_BLOCK_CAPTURE_AUTORELEASING = YES;
				CLANG_WARN_BOOL_CONVERSION = YES;
				CLANG_WARN_COMMA = YES;
				CLANG_WARN_CONSTANT_CONVERSION = YES;
				CLANG_WARN_DEPRECATED_OBJC_IMPLEMENTATIONS = YES;
				CLANG_WARN_DIRECT_OBJC_ISA_USAGE = YES_ERROR;
				CLANG_WARN_DOCUMENTATION_COMMENTS = YES;
				CLANG_WARN_EMPTY_BODY = YES;
				CLANG_WARN_ENUM_CONVERSION = YES;
				CLANG_WARN_INFINITE_RECURSION = YES;
				CLANG_WARN_INT_CONVERSION = YES;
				CLANG_WARN_NON_LITERAL_NULL_CONVERSION = YES;
				CLANG_WARN_OBJC_IMPLICIT_RETAIN_SELF = YES;
				CLANG_WARN_OBJC_LITERAL_CONVERSION = YES;
				CLANG_WARN_OBJC_ROOT_CLASS = YES_ERROR;
				CLANG_WARN_QUOTED_INCLUDE_IN_FRAMEWORK_HEADER = YES;
				CLANG_WARN_RANGE_LOOP_ANALYSIS = YES;
				CLANG_WARN_STRICT_PROTOTYPES = YES;
				CLANG_WARN_SUSPICIOUS_MOVE = YES;
				CLANG_WARN_UNGUARDED_AVAILABILITY = YES_AGGRESSIVE;
				CLANG_WARN_UNREACHABLE_CODE = YES;
				CLANG_WARN__DUPLICATE_METHOD_MATCH = YES;
				COPY_PHASE_STRIP = NO;
				DEBUG_INFORMATION_FORMAT = "dwarf-with-dsym";
				ENABLE_NS_ASSERTIONS = NO;
				ENABLE_STRICT_OBJC_MSGSEND = YES;
				GCC_C_LANGUAGE_STANDARD = gnu11;
				GCC_NO_COMMON_BLOCKS = YES;
				GCC_WARN_64_TO_32_BIT_CONVERSION = YES;
				GCC_WARN_ABOUT_RETURN_TYPE = YES_ERROR;
				GCC_WARN_UNDECLARED_SELECTOR = YES;
				GCC_WARN_UNINITIALIZED_AUTOS = YES_AGGRESSIVE;
				GCC_WARN_UNUSED_FUNCTION = YES;
				GCC_WARN_UNUSED_VARIABLE = YES;
				IPHONEOS_DEPLOYMENT_TARGET = 17.0;
				MTL_ENABLE_DEBUG_INFO = NO;
				MTL_FAST_MATH = YES;
				PRODUCT_NAME = "$(TARGET_NAME)";
				SDKROOT = iphoneos;
				SWIFT_COMPILATION_MODE = wholemodule;
				SWIFT_OPTIMIZATION_LEVEL = "-O";
				SWIFT_VERSION = 5.0;
			};
			name = Release;
		};
		7CC46D09835F1FC1970B7EDF /* Debug */ = {
			isa = XCBuildConfiguration;
			buildSettings = {
				ALWAYS_SEARCH_USER_PATHS = NO;
				CLANG_ANALYZER_NONNULL = YES;
				CLANG_ANALYZER_NUMBER_OBJECT_CONVERSION = YES_AGGRESSIVE;
				CLANG_CXX_LANGUAGE_STANDARD = "gnu++14";
				CLANG_CXX_LIBRARY = "libc++";
				CLANG_ENABLE_MODULES = YES;
				CLANG_ENABLE_OBJC_ARC = YES;
				CLANG_ENABLE_OBJC_WEAK = YES;
				CLANG_WARN_BLOCK_CAPTURE_AUTORELEASING = YES;
				CLANG_WARN_BOOL_CONVERSION = YES;
				CLANG_WARN_COMMA = YES;
				CLANG_WARN_CONSTANT_CONVERSION = YES;
				CLANG_WARN_DEPRECATED_OBJC_IMPLEMENTATIONS = YES;
				CLANG_WARN_DIRECT_OBJC_ISA_USAGE = YES_ERROR;
				CLANG_WARN_DOCUMENTATION_COMMENTS = YES;
				CLANG_WARN_EMPTY_BODY = YES;
				CLANG_WARN_ENUM_CONVERSION = YES;
				CLANG_WARN_INFINITE_RECURSION = YES;
				CLANG_WARN_INT_CONVERSION = YES;
				CLANG_WARN_NON_LITERAL_NULL_CONVERSION = YES;
				CLANG_WARN_OBJC_IMPLICIT_RETAIN_SELF = YES;
				CLANG_WARN_OBJC_LITERAL_CONVERSION = YES;
				CLANG_WARN_OBJC_ROOT_CLASS = YES_ERROR;
				CLANG_WARN_QUOTED_INCLUDE_IN_FRAMEWORK_HEADER = YES;
				CLANG_WARN_RANGE_LOOP_ANALYSIS = YES;
				CLANG_WARN_STRICT_PROTOTYPES = YES;
				CLANG_WARN_SUSPICIOUS_MOVE = YES;
				CLANG_WARN_UNGUARDED_AVAILABILITY = YES_AGGRESSIVE;
				CLANG_WARN_UNREACHABLE_CODE = YES;
				CLANG_WARN__DUPLICATE_METHOD_MATCH = YES;
				COPY_PHASE_STRIP = NO;
				DEBUG_INFORMATION_FORMAT = dwarf;
				ENABLE_STRICT_OBJC_MSGSEND = YES;
				ENABLE_TESTABILITY = YES;
				GCC_C_LANGUAGE_STANDARD = gnu11;
				GCC_DYNAMIC_NO_PIC = NO;
				GCC_NO_COMMON_BLOCKS = YES;
				GCC_OPTIMIZATION_LEVEL = 0;
				GCC_PREPROCESSOR_DEFINITIONS = (
					"$(inherited)",
					"DEBUG=1",
				);
				GCC_WARN_64_TO_32_BIT_CONVERSION = YES;
				GCC_WARN_ABOUT_RETURN_TYPE = YES_ERROR;
				GCC_WARN_UNDECLARED_SELECTOR = YES;
				GCC_WARN_UNINITIALIZED_AUTOS = YES_AGGRESSIVE;
				GCC_WARN_UNUSED_FUNCTION = YES;
				GCC_WARN_UNUSED_VARIABLE = YES;
				IPHONEOS_DEPLOYMENT_TARGET = 17.0;
				MTL_ENABLE_DEBUG_INFO = INCLUDE_SOURCE;
				MTL_FAST_MATH = YES;
				ONLY_ACTIVE_ARCH = YES;
				PRODUCT_NAME = "$(TARGET_NAME)";
				SDKROOT = iphoneos;
				SWIFT_ACTIVE_COMPILATION_CONDITIONS = DEBUG;
				SWIFT_OPTIMIZATION_LEVEL = "-Onone";
				SWIFT_VERSION = 5.0;
			};
			name = Debug;
		};
		90AC0613D4B57C00CC8AA18C /* Debug */ = {
			isa = XCBuildConfiguration;
			buildSettings = {
				ASSETCATALOG_COMPILER_APPICON_NAME = AppIcon;
				CODE_SIGN_IDENTITY = "Apple Development";
				CODE_SIGN_STYLE = Automatic;
				CURRENT_PROJECT_VERSION = 1;
				DEVELOPMENT_TEAM = AMRM9564A6;
				GENERATE_INFOPLIST_FILE = YES;
				INFOPLIST_KEY_CFBundleDisplayName = "Pocket Engineer";
				INFOPLIST_KEY_NSCameraUsageDescription = "Scan QR code to connect to your dev server";
				INFOPLIST_KEY_NSMicrophoneUsageDescription = "Voice input for talking to your AI engineer";
				INFOPLIST_KEY_NSSpeechRecognitionUsageDescription = "Convert your voice to text for chat input";
				INFOPLIST_KEY_UIApplicationSceneManifest_Generation = YES;
				INFOPLIST_KEY_UIApplicationSupportsIndirectInputEvents = YES;
				INFOPLIST_KEY_UILaunchScreen_Generation = YES;
				INFOPLIST_KEY_UISupportedInterfaceOrientations = "UIInterfaceOrientationPortrait UIInterfaceOrientationLandscapeLeft UIInterfaceOrientationLandscapeRight";
				LD_RUNPATH_SEARCH_PATHS = (
					"$(inherited)",
					"@executable_path/Frameworks",
				);
				MARKETING_VERSION = 1.0.0;
				PRODUCT_BUNDLE_IDENTIFIER = com.vaibhavdubey.pocketengineer;
				SDKROOT = iphoneos;
				SWIFT_VERSION = 5.9;
				TARGETED_DEVICE_FAMILY = "1,2";
			};
			name = Debug;
		};
		F8638928CA5E40A0E6F3AD35 /* Debug */ = {
			isa = XCBuildConfiguration;
			buildSettings = {
				BUNDLE_LOADER = "$(TEST_HOST)";
				DEVELOPMENT_TEAM = AMRM9564A6;
				GENERATE_INFOPLIST_FILE = YES;
				LD_RUNPATH_SEARCH_PATHS = (
					"$(inherited)",
					"@executable_path/Frameworks",
					"@loader_path/Frameworks",
				);
				PRODUCT_BUNDLE_IDENTIFIER = com.vaibhavdubey.pocketengineer.tests;
				SDKROOT = iphoneos;
				TARGETED_DEVICE_FAMILY = "1,2";
				TEST_HOST = "$(BUILT_PRODUCTS_DIR)/PocketEngineer.app/PocketEngineer";
			};
			name = Debug;
		};
		FBE9FB56A4A8291C9E58FC8C /* Release */ = {
			isa = XCBuildConfiguration;
			buildSettings = {
				ASSETCATALOG_COMPILER_APPICON_NAME = AppIcon;
				CODE_SIGN_IDENTITY = "Apple Development";
				CODE_SIGN_STYLE = Automatic;
				CURRENT_PROJECT_VERSION = 1;
				DEVELOPMENT_TEAM = AMRM9564A6;
				GENERATE_INFOPLIST_FILE = YES;
				INFOPLIST_KEY_CFBundleDisplayName = "Pocket Engineer";
				INFOPLIST_KEY_NSCameraUsageDescription = "Scan QR code to connect to your dev server";
				INFOPLIST_KEY_NSMicrophoneUsageDescription = "Voice input for talking to your AI engineer";
				INFOPLIST_KEY_NSSpeechRecognitionUsageDescription = "Convert your voice to text for chat input";
				INFOPLIST_KEY_UIApplicationSceneManifest_Generation = YES;
				INFOPLIST_KEY_UIApplicationSupportsIndirectInputEvents = YES;
				INFOPLIST_KEY_UILaunchScreen_Generation = YES;
				INFOPLIST_KEY_UISupportedInterfaceOrientations = "UIInterfaceOrientationPortrait UIInterfaceOrientationLandscapeLeft UIInterfaceOrientationLandscapeRight";
				LD_RUNPATH_SEARCH_PATHS = (
					"$(inherited)",
					"@executable_path/Frameworks",
				);
				MARKETING_VERSION = 1.0.0;
				PRODUCT_BUNDLE_IDENTIFIER = com.vaibhavdubey.pocketengineer;
				SDKROOT = iphoneos;
				SWIFT_VERSION = 5.9;
				TARGETED_DEVICE_FAMILY = "1,2";
			};
			name = Release;
		};
/* End XCBuildConfiguration section */

/* Begin XCConfigurationList section */
		1F8336E405252FA41AC3799F /* Build configuration list for PBXNativeTarget "PocketEngineerTests" */ = {
			isa = XCConfigurationList;
			buildConfigurations = (
				F8638928CA5E40A0E6F3AD35 /* Debug */,
				0D2DF4644C30EFAB99136099 /* Release */,
			);
			defaultConfigurationIsVisible = 0;
			defaultConfigurationName = Debug;
		};
		4A39BB0AE00D82414B675105 /* Build configuration list for PBXNativeTarget "PocketEngineer" */ = {
			isa = XCConfigurationList;
			buildConfigurations = (
				90AC0613D4B57C00CC8AA18C /* Debug */,
				FBE9FB56A4A8291C9E58FC8C /* Release */,
			);
			defaultConfigurationIsVisible = 0;
			defaultConfigurationName = Debug;
		};
		A31D82D655D9E43DE815E349 /* Build configuration list for PBXProject "PocketEngineer" */ = {
			isa = XCConfigurationList;
			buildConfigurations = (
				7CC46D09835F1FC1970B7EDF /* Debug */,
				40CD6B8EB20C8FBB9BA14D7E /* Release */,
			);
			defaultConfigurationIsVisible = 0;
			defaultConfigurationName = Debug;
		};
/* End XCConfigurationList section */

/* Begin XCRemoteSwiftPackageReference section */
		5D46F37BD5B2DC8B8EBFBD6E /* XCRemoteSwiftPackageReference "Citadel" */ = {
			isa = XCRemoteSwiftPackageReference;
			repositoryURL = "https://github.com/orlandos-nl/Citadel.git";
			requirement = {
				kind = upToNextMajorVersion;
				minimumVersion = 0.10.0;
			};
		};
/* End XCRemoteSwiftPackageReference section */

/* Begin XCSwiftPackageProductDependency section */
		B84B488D23670F26B1939A63 /* Citadel */ = {
			isa = XCSwiftPackageProductDependency;
			package = 5D46F37BD5B2DC8B8EBFBD6E /* XCRemoteSwiftPackageReference "Citadel" */;
			productName = Citadel;
		};
/* End XCSwiftPackageProductDependency section */
	};
	rootObject = FEBFBEB900C1585B6A8FF349 /* Project object */;
}
